
Microsoft Visual Studio Solution File, Format Version 11.00
# Visual Studio 2010
Project("{FAE04EC0-301F-11D3-BF4B-00C04F79EFBC}") = "Euricom.Web.UI", "Euricom.Web.UI\Euricom.Web.UI.csproj", "{5A437B81-1D28-42C9-AE04-4801E1D735CF}"
EndProject
Global
	GlobalSection(SolutionConfigurationPlatforms) = preSolution
		Debug|Any CPU = Debug|Any CPU
		Release|Any CPU = Release|Any CPU
	EndGlobalSection
	GlobalSection(ProjectConfigurationPlatforms) = postSolution
		{5A437B81-1D28-42C9-AE04-4801E1D735CF}.Debug|Any CPU.ActiveCfg = Debug|Any CPU
		{5A437B81-1D28-42C9-AE04-4801E1D735CF}.Debug|Any CPU.Build.0 = Debug|Any CPU
		{5A437B81-1D28-42C9-AE04-4801E1D735CF}.Release|Any CPU.ActiveCfg = Release|Any CPU
		{5A437B81-1D28-42C9-AE04-4801E1D735CF}.Release|Any CPU.Build.0 = Release|Any CPU
	EndGlobalSection
	GlobalSection(SolutionProperties) = preSolution
		HideSolutionNode = FALSE
	EndGlobalSection
EndGlobal
